{
    "_meta": {
        "hash": {
            "sha256": "514ba2b824c957b06eb9f319dc64bf5aaa509e5657bbe771f504fc88ae1bbfac"
        },
        "pipfile-spec": 6,
        "requires": {
            "python_version": "3.7"
        },
        "sources": [
            {
                "name": "pypi",
                "url": "https://pypi.org/simple",
                "verify_ssl": true
            }
        ]
    },
    "default": {
        "configargparse": {
            "hashes": [
                "sha256:18f6535a2db9f6e02bd5626cc7455eac3e96b9ab3d969d366f9aafd5c5c00fe7",
                "sha256:1b0b3cbf664ab59dada57123c81eff3d9737e0d11d8cf79e3d6eb10823f1739f"
            ],
            "index": "pypi",
            "version": "==1.5.3"
        }
    },
    "develop": {
        "semantic-version": {
            "hashes": [
                "sha256:bdabb6d336998cbb378d4b9db3a4b56a1e3235701dc05ea2690d9a997ed5041c",
                "sha256:de78a3b8e0feda74cabc54aab2da702113e33ac9d9eb9d2389bcf1f58b7d9177"
            ],
            "markers": "python_version >= '2.7'",
            "version": "==2.10.0"
        },
        "setuptools": {
            "hashes": [
                "sha256:d73f8cd714a1a6691f5eb5abeeacbf313242b7aa2f5eba93776542c1aad90c6f",
                "sha256:fe9a97f68b064a6ddd4bacfb0b4b93a4c65a556d97ce906255540439d0c35cef"
            ],
            "markers": "python_version >= '3.7'",
            "version": "==65.0.0"
        },
        "setuptools-rust": {
            "hashes": [
                "sha256:0e05e456645d59429cb1021370aede73c0760e9360bbfdaaefb5bced530eb9d7",
                "sha256:306b236ff3aa5229180e58292610d0c2c51bb488191122d2fc559ae4caeb7d5e"
            ],
            "index": "pypi",
            "version": "==1.5.1"
        },
        "typing-extensions": {
            "hashes": [
                "sha256:25642c956049920a5aa49edcdd6ab1e06d7e5d467fc00e0506c44ac86fbfca02",
                "sha256:e6d2677a32f47fc7eb2795db1dd15c1f34eff616bcaf2cfb5e997f854fa1c4a6"
            ],
            "markers": "python_version >= '3.7'",
            "version": "==4.3.0"
        }
    }
}
