{
    "_meta": {
        "hash": {
            "sha256": "4fa9da413ed8492468e2047204e920ef877671dea63b87eaea0a22a2216bef51"
        },
        "pipfile-spec": 6,
        "requires": {
            "python_version": "3.7"
        },
        "sources": [
            {
                "name": "pypi",
                "url": "https://pypi.org/simple",
                "verify_ssl": true
            }
        ]
    },
    "default": {},
    "develop": {
        "semantic-version": {
            "hashes": [
                "sha256:bdabb6d336998cbb378d4b9db3a4b56a1e3235701dc05ea2690d9a997ed5041c",
                "sha256:de78a3b8e0feda74cabc54aab2da702113e33ac9d9eb9d2389bcf1f58b7d9177"
            ],
            "markers": "python_version >= '2.7'",
            "version": "==2.10.0"
        },
        "setuptools": {
            "hashes": [
                "sha256:73bfae4791da7c1c56882ab17577d00f7a37a0347162aeb9360058de0dc25083",
                "sha256:abcb76aa4decd7a17cbe0e4b31bdf549d106ba7f668e87e0860f5f7b84b9b3fe"
            ],
            "markers": "python_version >= '3.7'",
            "version": "==63.4.2"
        },
        "setuptools-rust": {
            "hashes": [
                "sha256:12b5350d75008f2d4b64a991aba0358bb7ef45502bad086990b019a760afec67",
                "sha256:18ff850831f58ee21d5783825c99fad632da21e47645e9427fd7dec048029e76"
            ],
            "index": "pypi",
            "version": "==1.4.1"
        },
        "typing-extensions": {
            "hashes": [
                "sha256:25642c956049920a5aa49edcdd6ab1e06d7e5d467fc00e0506c44ac86fbfca02",
                "sha256:e6d2677a32f47fc7eb2795db1dd15c1f34eff616bcaf2cfb5e997f854fa1c4a6"
            ],
            "markers": "python_version >= '3.7'",
            "version": "==4.3.0"
        }
    }
}
